// !$*UTF8*$!
{
	archiveVersion = 1;
	classes = {
	};
	objectVersion = 55;
	objects = {

/* Begin PBXBuildFile section */
		830EB4C6288FCE5C008DF910 /* BaseFactory.m in Sources */ = {isa = PBXBuildFile; fileRef = 830EB4C5288FCE5C008DF910 /* BaseFactory.m */; };
		83D43B5B288F91C800B3B8AA /* AppDelegate.m in Sources */ = {isa = PBXBuildFile; fileRef = 83D43B5A288F91C800B3B8AA /* AppDelegate.m */; };
		83D43B5E288F91C800B3B8AA /* SceneDelegate.m in Sources */ = {isa = PBXBuildFile; fileRef = 83D43B5D288F91C800B3B8AA /* SceneDelegate.m */; };
		83D43B61288F91C800B3B8AA /* ViewController.m in Sources */ = {isa = PBXBuildFile; fileRef = 83D43B60288F91C800B3B8AA /* ViewController.m */; };
		83D43B64288F91C800B3B8AA /* Main.storyboard in Resources */ = {isa = PBXBuildFile; fileRef = 83D43B62288F91C800B3B8AA /* Main.storyboard */; };
		83D43B66288F91CB00B3B8AA /* Assets.xcassets in Resources */ = {isa = PBXBuildFile; fileRef = 83D43B65288F91CB00B3B8AA /* Assets.xcassets */; };
		83D43B69288F91CB00B3B8AA /* LaunchScreen.storyboard in Resources */ = {isa = PBXBuildFile; fileRef = 83D43B67288F91CB00B3B8AA /* LaunchScreen.storyboard */; };
		83D43B6C288F91CB00B3B8AA /* main.m in Sources */ = {isa = PBXBuildFile; fileRef = 83D43B6B288F91CB00B3B8AA /* main.m */; };
		83D43B76288F91CB00B3B8AA /* ______Tests.m in Sources */ = {isa = PBXBuildFile; fileRef = 83D43B75288F91CB00B3B8AA /* ______Tests.m */; };
		83D43B80288F91CB00B3B8AA /* ______UITests.m in Sources */ = {isa = PBXBuildFile; fileRef = 83D43B7F288F91CB00B3B8AA /* ______UITests.m */; };
		83D43B82288F91CB00B3B8AA /* ______UITestsLaunchTests.m in Sources */ = {isa = PBXBuildFile; fileRef = 83D43B81288F91CB00B3B8AA /* ______UITestsLaunchTests.m */; };
		83D43B92288F925600B3B8AA /* MethodFactory.m in Sources */ = {isa = PBXBuildFile; fileRef = 83D43B91288F925600B3B8AA /* MethodFactory.m */; };
		83D43B95288F935B00B3B8AA /* KeyboardFactory.m in Sources */ = {isa = PBXBuildFile; fileRef = 83D43B94288F935B00B3B8AA /* KeyboardFactory.m */; };
		83D43B98288F937300B3B8AA /* MouseFactory.m in Sources */ = {isa = PBXBuildFile; fileRef = 83D43B97288F937300B3B8AA /* MouseFactory.m */; };
		83D43B9B288F93BA00B3B8AA /* KeyboardProduct.m in Sources */ = {isa = PBXBuildFile; fileRef = 83D43B9A288F93BA00B3B8AA /* KeyboardProduct.m */; };
		83D43B9E288F93C700B3B8AA /* MouseProduct.m in Sources */ = {isa = PBXBuildFile; fileRef = 83D43B9D288F93C700B3B8AA /* MouseProduct.m */; };
/* End PBXBuildFile section */

/* Begin PBXContainerItemProxy section */
		83D43B72288F91CB00B3B8AA /* PBXContainerItemProxy */ = {
			isa = PBXContainerItemProxy;
			containerPortal = 83D43B4E288F91C800B3B8AA /* Project object */;
			proxyType = 1;
			remoteGlobalIDString = 83D43B55288F91C800B3B8AA;
			remoteInfo = "工厂方法模式";
		};
		83D43B7C288F91CB00B3B8AA /* PBXContainerItemProxy */ = {
			isa = PBXContainerItemProxy;
			containerPortal = 83D43B4E288F91C800B3B8AA /* Project object */;
			proxyType = 1;
			remoteGlobalIDString = 83D43B55288F91C800B3B8AA;
			remoteInfo = "工厂方法模式";
		};
/* End PBXContainerItemProxy section */

/* Begin PBXFileReference section */
		830EB4C4288FCE5C008DF910 /* BaseFactory.h */ = {isa = PBXFileReference; lastKnownFileType = sourcecode.c.h; path = BaseFactory.h; sourceTree = "<group>"; };
		830EB4C5288FCE5C008DF910 /* BaseFactory.m */ = {isa = PBXFileReference; lastKnownFileType = sourcecode.c.objc; path = BaseFactory.m; sourceTree = "<group>"; };
		83D43B56288F91C800B3B8AA /* 工厂方法模式.app */ = {isa = PBXFileReference; explicitFileType = wrapper.application; includeInIndex = 0; path = "工厂方法模式.app"; sourceTree = BUILT_PRODUCTS_DIR; };
		83D43B59288F91C800B3B8AA /* AppDelegate.h */ = {isa = PBXFileReference; lastKnownFileType = sourcecode.c.h; path = AppDelegate.h; sourceTree = "<group>"; };
		83D43B5A288F91C800B3B8AA /* AppDelegate.m */ = {isa = PBXFileReference; lastKnownFileType = sourcecode.c.objc; path = AppDelegate.m; sourceTree = "<group>"; };
		83D43B5C288F91C800B3B8AA /* SceneDelegate.h */ = {isa = PBXFileReference; lastKnownFileType = sourcecode.c.h; path = SceneDelegate.h; sourceTree = "<group>"; };
		83D43B5D288F91C800B3B8AA /* SceneDelegate.m */ = {isa = PBXFileReference; lastKnownFileType = sourcecode.c.objc; path = SceneDelegate.m; sourceTree = "<group>"; };
		83D43B5F288F91C800B3B8AA /* ViewController.h */ = {isa = PBXFileReference; lastKnownFileType = sourcecode.c.h; path = ViewController.h; sourceTree = "<group>"; };
		83D43B60288F91C800B3B8AA /* ViewController.m */ = {isa = PBXFileReference; lastKnownFileType = sourcecode.c.objc; path = ViewController.m; sourceTree = "<group>"; };
		83D43B63288F91C800B3B8AA /* Base */ = {isa = PBXFileReference; lastKnownFileType = file.storyboard; name = Base; path = Base.lproj/Main.storyboard; sourceTree = "<group>"; };
		83D43B65288F91CB00B3B8AA /* Assets.xcassets */ = {isa = PBXFileReference; lastKnownFileType = folder.assetcatalog; path = Assets.xcassets; sourceTree = "<group>"; };
		83D43B68288F91CB00B3B8AA /* Base */ = {isa = PBXFileReference; lastKnownFileType = file.storyboard; name = Base; path = Base.lproj/LaunchScreen.storyboard; sourceTree = "<group>"; };
		83D43B6A288F91CB00B3B8AA /* Info.plist */ = {isa = PBXFileReference; lastKnownFileType = text.plist.xml; path = Info.plist; sourceTree = "<group>"; };
		83D43B6B288F91CB00B3B8AA /* main.m */ = {isa = PBXFileReference; lastKnownFileType = sourcecode.c.objc; path = main.m; sourceTree = "<group>"; };
		83D43B71288F91CB00B3B8AA /* 工厂方法模式Tests.xctest */ = {isa = PBXFileReference; explicitFileType = wrapper.cfbundle; includeInIndex = 0; path = "工厂方法模式Tests.xctest"; sourceTree = BUILT_PRODUCTS_DIR; };
		83D43B75288F91CB00B3B8AA /* ______Tests.m */ = {isa = PBXFileReference; lastKnownFileType = sourcecode.c.objc; path = "______Tests.m"; sourceTree = "<group>"; };
		83D43B7B288F91CB00B3B8AA /* 工厂方法模式UITests.xctest */ = {isa = PBXFileReference; explicitFileType = wrapper.cfbundle; includeInIndex = 0; path = "工厂方法模式UITests.xctest"; sourceTree = BUILT_PRODUCTS_DIR; };
		83D43B7F288F91CB00B3B8AA /* ______UITests.m */ = {isa = PBXFileReference; lastKnownFileType = sourcecode.c.objc; path = "______UITests.m"; sourceTree = "<group>"; };
		83D43B81288F91CB00B3B8AA /* ______UITestsLaunchTests.m */ = {isa = PBXFileReference; lastKnownFileType = sourcecode.c.objc; path = "______UITestsLaunchTests.m"; sourceTree = "<group>"; };
		83D43B90288F925600B3B8AA /* MethodFactory.h */ = {isa = PBXFileReference; lastKnownFileType = sourcecode.c.h; path = MethodFactory.h; sourceTree = "<group>"; };
		83D43B91288F925600B3B8AA /* MethodFactory.m */ = {isa = PBXFileReference; lastKnownFileType = sourcecode.c.objc; path = MethodFactory.m; sourceTree = "<group>"; };
		83D43B93288F935B00B3B8AA /* KeyboardFactory.h */ = {isa = PBXFileReference; lastKnownFileType = sourcecode.c.h; path = KeyboardFactory.h; sourceTree = "<group>"; };
		83D43B94288F935B00B3B8AA /* KeyboardFactory.m */ = {isa = PBXFileReference; lastKnownFileType = sourcecode.c.objc; path = KeyboardFactory.m; sourceTree = "<group>"; };
		83D43B96288F937300B3B8AA /* MouseFactory.h */ = {isa = PBXFileReference; lastKnownFileType = sourcecode.c.h; path = MouseFactory.h; sourceTree = "<group>"; };
		83D43B97288F937300B3B8AA /* MouseFactory.m */ = {isa = PBXFileReference; lastKnownFileType = sourcecode.c.objc; path = MouseFactory.m; sourceTree = "<group>"; };
		83D43B99288F93BA00B3B8AA /* KeyboardProduct.h */ = {isa = PBXFileReference; lastKnownFileType = sourcecode.c.h; path = KeyboardProduct.h; sourceTree = "<group>"; };
		83D43B9A288F93BA00B3B8AA /* KeyboardProduct.m */ = {isa = PBXFileReference; lastKnownFileType = sourcecode.c.objc; path = KeyboardProduct.m; sourceTree = "<group>"; };
		83D43B9C288F93C700B3B8AA /* MouseProduct.h */ = {isa = PBXFileReference; lastKnownFileType = sourcecode.c.h; path = MouseProduct.h; sourceTree = "<group>"; };
		83D43B9D288F93C700B3B8AA /* MouseProduct.m */ = {isa = PBXFileReference; lastKnownFileType = sourcecode.c.objc; path = MouseProduct.m; sourceTree = "<group>"; };
		83D43B9F288F945400B3B8AA /* ProductProtocol.h */ = {isa = PBXFileReference; lastKnownFileType = sourcecode.c.h; path = ProductProtocol.h; sourceTree = "<group>"; };
/* End PBXFileReference section */

/* Begin PBXFrameworksBuildPhase section */
		83D43B53288F91C800B3B8AA /* Frameworks */ = {
			isa = PBXFrameworksBuildPhase;
			buildActionMask = 2147483647;
			files = (
			);
			runOnlyForDeploymentPostprocessing = 0;
		};
		83D43B6E288F91CB00B3B8AA /* Frameworks */ = {
			isa = PBXFrameworksBuildPhase;
			buildActionMask = 2147483647;
			files = (
			);
			runOnlyForDeploymentPostprocessing = 0;
		};
		83D43B78288F91CB00B3B8AA /* Frameworks */ = {
			isa = PBXFrameworksBuildPhase;
			buildActionMask = 2147483647;
			files = (
			);
			runOnlyForDeploymentPostprocessing = 0;
		};
/* End PBXFrameworksBuildPhase section */

/* Begin PBXGroup section */
		83D43B4D288F91C800B3B8AA = {
			isa = PBXGroup;
			children = (
				83D43B58288F91C800B3B8AA /* 工厂方法模式 */,
				83D43B74288F91CB00B3B8AA /* 工厂方法模式Tests */,
				83D43B7E288F91CB00B3B8AA /* 工厂方法模式UITests */,
				83D43B57288F91C800B3B8AA /* Products */,
			);
			sourceTree = "<group>";
		};
		83D43B57288F91C800B3B8AA /* Products */ = {
			isa = PBXGroup;
			children = (
				83D43B56288F91C800B3B8AA /* 工厂方法模式.app */,
				83D43B71288F91CB00B3B8AA /* 工厂方法模式Tests.xctest */,
				83D43B7B288F91CB00B3B8AA /* 工厂方法模式UITests.xctest */,
			);
			name = Products;
			sourceTree = "<group>";
		};
		83D43B58288F91C800B3B8AA /* 工厂方法模式 */ = {
			isa = PBXGroup;
			children = (
				83D43B8F288F923800B3B8AA /* 工厂产品 */,
				83D43B8E288F922D00B3B8AA /* 工厂 */,
				83D43B59288F91C800B3B8AA /* AppDelegate.h */,
				83D43B5A288F91C800B3B8AA /* AppDelegate.m */,
				83D43B5C288F91C800B3B8AA /* SceneDelegate.h */,
				83D43B5D288F91C800B3B8AA /* SceneDelegate.m */,
				83D43B5F288F91C800B3B8AA /* ViewController.h */,
				83D43B60288F91C800B3B8AA /* ViewController.m */,
				83D43B62288F91C800B3B8AA /* Main.storyboard */,
				83D43B65288F91CB00B3B8AA /* Assets.xcassets */,
				83D43B67288F91CB00B3B8AA /* LaunchScreen.storyboard */,
				83D43B6A288F91CB00B3B8AA /* Info.plist */,
				83D43B6B288F91CB00B3B8AA /* main.m */,
			);
			path = "工厂方法模式";
			sourceTree = "<group>";
		};
		83D43B74288F91CB00B3B8AA /* 工厂方法模式Tests */ = {
			isa = PBXGroup;
			children = (
				83D43B75288F91CB00B3B8AA /* ______Tests.m */,
			);
			path = "工厂方法模式Tests";
			sourceTree = "<group>";
		};
		83D43B7E288F91CB00B3B8AA /* 工厂方法模式UITests */ = {
			isa = PBXGroup;
			children = (
				83D43B7F288F91CB00B3B8AA /* ______UITests.m */,
				83D43B81288F91CB00B3B8AA /* ______UITestsLaunchTests.m */,
			);
			path = "工厂方法模式UITests";
			sourceTree = "<group>";
		};
		83D43B8E288F922D00B3B8AA /* 工厂 */ = {
			isa = PBXGroup;
			children = (
				83D43B90288F925600B3B8AA /* MethodFactory.h */,
				83D43B91288F925600B3B8AA /* MethodFactory.m */,
				830EB4C4288FCE5C008DF910 /* BaseFactory.h */,
				830EB4C5288FCE5C008DF910 /* BaseFactory.m */,
				83D43B93288F935B00B3B8AA /* KeyboardFactory.h */,
				83D43B94288F935B00B3B8AA /* KeyboardFactory.m */,
				83D43B96288F937300B3B8AA /* MouseFactory.h */,
				83D43B97288F937300B3B8AA /* MouseFactory.m */,
			);
			path = "工厂";
			sourceTree = "<group>";
		};
		83D43B8F288F923800B3B8AA /* 工厂产品 */ = {
			isa = PBXGroup;
			children = (
				83D43B99288F93BA00B3B8AA /* KeyboardProduct.h */,
				83D43B9A288F93BA00B3B8AA /* KeyboardProduct.m */,
				83D43B9C288F93C700B3B8AA /* MouseProduct.h */,
				83D43B9D288F93C700B3B8AA /* MouseProduct.m */,
				83D43B9F288F945400B3B8AA /* ProductProtocol.h */,
			);
			path = "工厂产品";
			sourceTree = "<group>";
		};
/* End PBXGroup section */

/* Begin PBXNativeTarget section */
		83D43B55288F91C800B3B8AA /* 工厂方法模式 */ = {
			isa = PBXNativeTarget;
			buildConfigurationList = 83D43B85288F91CB00B3B8AA /* Build configuration list for PBXNativeTarget "工厂方法模式" */;
			buildPhases = (
				83D43B52288F91C800B3B8AA /* Sources */,
				83D43B53288F91C800B3B8AA /* Frameworks */,
				83D43B54288F91C800B3B8AA /* Resources */,
			);
			buildRules = (
			);
			dependencies = (
			);
			name = "工厂方法模式";
			productName = "工厂方法模式";
			productReference = 83D43B56288F91C800B3B8AA /* 工厂方法模式.app */;
			productType = "com.apple.product-type.application";
		};
		83D43B70288F91CB00B3B8AA /* 工厂方法模式Tests */ = {
			isa = PBXNativeTarget;
			buildConfigurationList = 83D43B88288F91CB00B3B8AA /* Build configuration list for PBXNativeTarget "工厂方法模式Tests" */;
			buildPhases = (
				83D43B6D288F91CB00B3B8AA /* Sources */,
				83D43B6E288F91CB00B3B8AA /* Frameworks */,
				83D43B6F288F91CB00B3B8AA /* Resources */,
			);
			buildRules = (
			);
			dependencies = (
				83D43B73288F91CB00B3B8AA /* PBXTargetDependency */,
			);
			name = "工厂方法模式Tests";
			productName = "工厂方法模式Tests";
			productReference = 83D43B71288F91CB00B3B8AA /* 工厂方法模式Tests.xctest */;
			productType = "com.apple.product-type.bundle.unit-test";
		};
		83D43B7A288F91CB00B3B8AA /* 工厂方法模式UITests */ = {
			isa = PBXNativeTarget;
			buildConfigurationList = 83D43B8B288F91CB00B3B8AA /* Build configuration list for PBXNativeTarget "工厂方法模式UITests" */;
			buildPhases = (
				83D43B77288F91CB00B3B8AA /* Sources */,
				83D43B78288F91CB00B3B8AA /* Frameworks */,
				83D43B79288F91CB00B3B8AA /* Resources */,
			);
			buildRules = (
			);
			dependencies = (
				83D43B7D288F91CB00B3B8AA /* PBXTargetDependency */,
			);
			name = "工厂方法模式UITests";
			productName = "工厂方法模式UITests";
			productReference = 83D43B7B288F91CB00B3B8AA /* 工厂方法模式UITests.xctest */;
			productType = "com.apple.product-type.bundle.ui-testing";
		};
/* End PBXNativeTarget section */

/* Begin PBXProject section */
		83D43B4E288F91C800B3B8AA /* Project object */ = {
			isa = PBXProject;
			attributes = {
				BuildIndependentTargetsInParallel = 1;
				LastUpgradeCheck = 1340;
				TargetAttributes = {
					83D43B55288F91C800B3B8AA = {
						CreatedOnToolsVersion = 13.4.1;
					};
					83D43B70288F91CB00B3B8AA = {
						CreatedOnToolsVersion = 13.4.1;
						TestTargetID = 83D43B55288F91C800B3B8AA;
					};
					83D43B7A288F91CB00B3B8AA = {
						CreatedOnToolsVersion = 13.4.1;
						TestTargetID = 83D43B55288F91C800B3B8AA;
					};
				};
			};
			buildConfigurationList = 83D43B51288F91C800B3B8AA /* Build configuration list for PBXProject "工厂方法模式" */;
			compatibilityVersion = "Xcode 13.0";
			developmentRegion = en;
			hasScannedForEncodings = 0;
			knownRegions = (
				en,
				Base,
			);
			mainGroup = 83D43B4D288F91C800B3B8AA;
			productRefGroup = 83D43B57288F91C800B3B8AA /* Products */;
			projectDirPath = "";
			projectRoot = "";
			targets = (
				83D43B55288F91C800B3B8AA /* 工厂方法模式 */,
				83D43B70288F91CB00B3B8AA /* 工厂方法模式Tests */,
				83D43B7A288F91CB00B3B8AA /* 工厂方法模式UITests */,
			);
		};
/* End PBXProject section */

/* Begin PBXResourcesBuildPhase section */
		83D43B54288F91C800B3B8AA /* Resources */ = {
			isa = PBXResourcesBuildPhase;
			buildActionMask = 2147483647;
			files = (
				83D43B69288F91CB00B3B8AA /* LaunchScreen.storyboard in Resources */,
				83D43B66288F91CB00B3B8AA /* Assets.xcassets in Resources */,
				83D43B64288F91C800B3B8AA /* Main.storyboard in Resources */,
			);
			runOnlyForDeploymentPostprocessing = 0;
		};
		83D43B6F288F91CB00B3B8AA /* Resources */ = {
			isa = PBXResourcesBuildPhase;
			buildActionMask = 2147483647;
			files = (
			);
			runOnlyForDeploymentPostprocessing = 0;
		};
		83D43B79288F91CB00B3B8AA /* Resources */ = {
			isa = PBXResourcesBuildPhase;
			buildActionMask = 2147483647;
			files = (
			);
			runOnlyForDeploymentPostprocessing = 0;
		};
/* End PBXResourcesBuildPhase section */

/* Begin PBXSourcesBuildPhase section */
		83D43B52288F91C800B3B8AA /* Sources */ = {
			isa = PBXSourcesBuildPhase;
			buildActionMask = 2147483647;
			files = (
				83D43B61288F91C800B3B8AA /* ViewController.m in Sources */,
				83D43B5B288F91C800B3B8AA /* AppDelegate.m in Sources */,
				83D43B6C288F91CB00B3B8AA /* main.m in Sources */,
				83D43B95288F935B00B3B8AA /* KeyboardFactory.m in Sources */,
				83D43B92288F925600B3B8AA /* MethodFactory.m in Sources */,
				83D43B98288F937300B3B8AA /* MouseFactory.m in Sources */,
				83D43B9E288F93C700B3B8AA /* MouseProduct.m in Sources */,
				83D43B9B288F93BA00B3B8AA /* KeyboardProduct.m in Sources */,
				83D43B5E288F91C800B3B8AA /* SceneDelegate.m in Sources */,
				830EB4C6288FCE5C008DF910 /* BaseFactory.m in Sources */,
			);
			runOnlyForDeploymentPostprocessing = 0;
		};
		83D43B6D288F91CB00B3B8AA /* Sources */ = {
			isa = PBXSourcesBuildPhase;
			buildActionMask = 2147483647;
			files = (
				83D43B76288F91CB00B3B8AA /* ______Tests.m in Sources */,
			);
			runOnlyForDeploymentPostprocessing = 0;
		};
		83D43B77288F91CB00B3B8AA /* Sources */ = {
			isa = PBXSourcesBuildPhase;
			buildActionMask = 2147483647;
			files = (
				83D43B82288F91CB00B3B8AA /* ______UITestsLaunchTests.m in Sources */,
				83D43B80288F91CB00B3B8AA /* ______UITests.m in Sources */,
			);
			runOnlyForDeploymentPostprocessing = 0;
		};
/* End PBXSourcesBuildPhase section */

/* Begin PBXTargetDependency section */
		83D43B73288F91CB00B3B8AA /* PBXTargetDependency */ = {
			isa = PBXTargetDependency;
			target = 83D43B55288F91C800B3B8AA /* 工厂方法模式 */;
			targetProxy = 83D43B72288F91CB00B3B8AA /* PBXContainerItemProxy */;
		};
		83D43B7D288F91CB00B3B8AA /* PBXTargetDependency */ = {
			isa = PBXTargetDependency;
			target = 83D43B55288F91C800B3B8AA /* 工厂方法模式 */;
			targetProxy = 83D43B7C288F91CB00B3B8AA /* PBXContainerItemProxy */;
		};
/* End PBXTargetDependency section */

/* Begin PBXVariantGroup section */
		83D43B62288F91C800B3B8AA /* Main.storyboard */ = {
			isa = PBXVariantGroup;
			children = (
				83D43B63288F91C800B3B8AA /* Base */,
			);
			name = Main.storyboard;
			sourceTree = "<group>";
		};
		83D43B67288F91CB00B3B8AA /* LaunchScreen.storyboard */ = {
			isa = PBXVariantGroup;
			children = (
				83D43B68288F91CB00B3B8AA /* Base */,
			);
			name = LaunchScreen.storyboard;
			sourceTree = "<group>";
		};
/* End PBXVariantGroup section */

/* Begin XCBuildConfiguration section */
		83D43B83288F91CB00B3B8AA /* Debug */ = {
			isa = XCBuildConfiguration;
			buildSettings = {
				ALWAYS_SEARCH_USER_PATHS = NO;
				CLANG_ANALYZER_NONNULL = YES;
				CLANG_ANALYZER_NUMBER_OBJECT_CONVERSION = YES_AGGRESSIVE;
				CLANG_CXX_LANGUAGE_STANDARD = "gnu++17";
				CLANG_ENABLE_MODULES = YES;
				CLANG_ENABLE_OBJC_ARC = YES;
				CLANG_ENABLE_OBJC_WEAK = YES;
				CLANG_WARN_BLOCK_CAPTURE_AUTORELEASING = YES;
				CLANG_WARN_BOOL_CONVERSION = YES;
				CLANG_WARN_COMMA = YES;
				CLANG_WARN_CONSTANT_CONVERSION = YES;
				CLANG_WARN_DEPRECATED_OBJC_IMPLEMENTATIONS = YES;
				CLANG_WARN_DIRECT_OBJC_ISA_USAGE = YES_ERROR;
				CLANG_WARN_DOCUMENTATION_COMMENTS = YES;
				CLANG_WARN_EMPTY_BODY = YES;
				CLANG_WARN_ENUM_CONVERSION = YES;
				CLANG_WARN_INFINITE_RECURSION = YES;
				CLANG_WARN_INT_CONVERSION = YES;
				CLANG_WARN_NON_LITERAL_NULL_CONVERSION = YES;
				CLANG_WARN_OBJC_IMPLICIT_RETAIN_SELF = YES;
				CLANG_WARN_OBJC_LITERAL_CONVERSION = YES;
				CLANG_WARN_OBJC_ROOT_CLASS = YES_ERROR;
				CLANG_WARN_QUOTED_INCLUDE_IN_FRAMEWORK_HEADER = YES;
				CLANG_WARN_RANGE_LOOP_ANALYSIS = YES;
				CLANG_WARN_STRICT_PROTOTYPES = YES;
				CLANG_WARN_SUSPICIOUS_MOVE = YES;
				CLANG_WARN_UNGUARDED_AVAILABILITY = YES_AGGRESSIVE;
				CLANG_WARN_UNREACHABLE_CODE = YES;
				CLANG_WARN__DUPLICATE_METHOD_MATCH = YES;
				COPY_PHASE_STRIP = NO;
				DEBUG_INFORMATION_FORMAT = dwarf;
				ENABLE_STRICT_OBJC_MSGSEND = YES;
				ENABLE_TESTABILITY = YES;
				GCC_C_LANGUAGE_STANDARD = gnu11;
				GCC_DYNAMIC_NO_PIC = NO;
				GCC_NO_COMMON_BLOCKS = YES;
				GCC_OPTIMIZATION_LEVEL = 0;
				GCC_PREPROCESSOR_DEFINITIONS = (
					"DEBUG=1",
					"$(inherited)",
				);
				GCC_WARN_64_TO_32_BIT_CONVERSION = YES;
				GCC_WARN_ABOUT_RETURN_TYPE = YES_ERROR;
				GCC_WARN_UNDECLARED_SELECTOR = YES;
				GCC_WARN_UNINITIALIZED_AUTOS = YES_AGGRESSIVE;
				GCC_WARN_UNUSED_FUNCTION = YES;
				GCC_WARN_UNUSED_VARIABLE = YES;
				IPHONEOS_DEPLOYMENT_TARGET = 15.5;
				MTL_ENABLE_DEBUG_INFO = INCLUDE_SOURCE;
				MTL_FAST_MATH = YES;
				ONLY_ACTIVE_ARCH = YES;
				SDKROOT = iphoneos;
			};
			name = Debug;
		};
		83D43B84288F91CB00B3B8AA /* Release */ = {
			isa = XCBuildConfiguration;
			buildSettings = {
				ALWAYS_SEARCH_USER_PATHS = NO;
				CLANG_ANALYZER_NONNULL = YES;
				CLANG_ANALYZER_NUMBER_OBJECT_CONVERSION = YES_AGGRESSIVE;
				CLANG_CXX_LANGUAGE_STANDARD = "gnu++17";
				CLANG_ENABLE_MODULES = YES;
				CLANG_ENABLE_OBJC_ARC = YES;
				CLANG_ENABLE_OBJC_WEAK = YES;
				CLANG_WARN_BLOCK_CAPTURE_AUTORELEASING = YES;
				CLANG_WARN_BOOL_CONVERSION = YES;
				CLANG_WARN_COMMA = YES;
				CLANG_WARN_CONSTANT_CONVERSION = YES;
				CLANG_WARN_DEPRECATED_OBJC_IMPLEMENTATIONS = YES;
				CLANG_WARN_DIRECT_OBJC_ISA_USAGE = YES_ERROR;
				CLANG_WARN_DOCUMENTATION_COMMENTS = YES;
				CLANG_WARN_EMPTY_BODY = YES;
				CLANG_WARN_ENUM_CONVERSION = YES;
				CLANG_WARN_INFINITE_RECURSION = YES;
				CLANG_WARN_INT_CONVERSION = YES;
				CLANG_WARN_NON_LITERAL_NULL_CONVERSION = YES;
				CLANG_WARN_OBJC_IMPLICIT_RETAIN_SELF = YES;
				CLANG_WARN_OBJC_LITERAL_CONVERSION = YES;
				CLANG_WARN_OBJC_ROOT_CLASS = YES_ERROR;
				CLANG_WARN_QUOTED_INCLUDE_IN_FRAMEWORK_HEADER = YES;
				CLANG_WARN_RANGE_LOOP_ANALYSIS = YES;
				CLANG_WARN_STRICT_PROTOTYPES = YES;
				CLANG_WARN_SUSPICIOUS_MOVE = YES;
				CLANG_WARN_UNGUARDED_AVAILABILITY = YES_AGGRESSIVE;
				CLANG_WARN_UNREACHABLE_CODE = YES;
				CLANG_WARN__DUPLICATE_METHOD_MATCH = YES;
				COPY_PHASE_STRIP = NO;
				DEBUG_INFORMATION_FORMAT = "dwarf-with-dsym";
				ENABLE_NS_ASSERTIONS = NO;
				ENABLE_STRICT_OBJC_MSGSEND = YES;
				GCC_C_LANGUAGE_STANDARD = gnu11;
				GCC_NO_COMMON_BLOCKS = YES;
				GCC_WARN_64_TO_32_BIT_CONVERSION = YES;
				GCC_WARN_ABOUT_RETURN_TYPE = YES_ERROR;
				GCC_WARN_UNDECLARED_SELECTOR = YES;
				GCC_WARN_UNINITIALIZED_AUTOS = YES_AGGRESSIVE;
				GCC_WARN_UNUSED_FUNCTION = YES;
				GCC_WARN_UNUSED_VARIABLE = YES;
				IPHONEOS_DEPLOYMENT_TARGET = 15.5;
				MTL_ENABLE_DEBUG_INFO = NO;
				MTL_FAST_MATH = YES;
				SDKROOT = iphoneos;
				VALIDATE_PRODUCT = YES;
			};
			name = Release;
		};
		83D43B86288F91CB00B3B8AA /* Debug */ = {
			isa = XCBuildConfiguration;
			buildSettings = {
				ASSETCATALOG_COMPILER_APPICON_NAME = AppIcon;
				ASSETCATALOG_COMPILER_GLOBAL_ACCENT_COLOR_NAME = AccentColor;
				CODE_SIGN_STYLE = Automatic;
				CURRENT_PROJECT_VERSION = 1;
				DEVELOPMENT_TEAM = ZBXPJ2367M;
				GENERATE_INFOPLIST_FILE = YES;
				INFOPLIST_FILE = "工厂方法模式/Info.plist";
				INFOPLIST_KEY_UIApplicationSupportsIndirectInputEvents = YES;
				INFOPLIST_KEY_UILaunchStoryboardName = LaunchScreen;
				INFOPLIST_KEY_UIMainStoryboardFile = Main;
				INFOPLIST_KEY_UISupportedInterfaceOrientations_iPad = "UIInterfaceOrientationPortrait UIInterfaceOrientationPortraitUpsideDown UIInterfaceOrientationLandscapeLeft UIInterfaceOrientationLandscapeRight";
				INFOPLIST_KEY_UISupportedInterfaceOrientations_iPhone = "UIInterfaceOrientationPortrait UIInterfaceOrientationLandscapeLeft UIInterfaceOrientationLandscapeRight";
				LD_RUNPATH_SEARCH_PATHS = (
					"$(inherited)",
					"@executable_path/Frameworks",
				);
				MARKETING_VERSION = 1.0;
				PRODUCT_BUNDLE_IDENTIFIER = "com.myprogram.------";
				PRODUCT_NAME = "$(TARGET_NAME)";
				SWIFT_EMIT_LOC_STRINGS = YES;
				TARGETED_DEVICE_FAMILY = "1,2";
			};
			name = Debug;
		};
		83D43B87288F91CB00B3B8AA /* Release */ = {
			isa = XCBuildConfiguration;
			buildSettings = {
				ASSETCATALOG_COMPILER_APPICON_NAME = AppIcon;
				ASSETCATALOG_COMPILER_GLOBAL_ACCENT_COLOR_NAME = AccentColor;
				CODE_SIGN_STYLE = Automatic;
				CURRENT_PROJECT_VERSION = 1;
				DEVELOPMENT_TEAM = ZBXPJ2367M;
				GENERATE_INFOPLIST_FILE = YES;
				INFOPLIST_FILE = "工厂方法模式/Info.plist";
				INFOPLIST_KEY_UIApplicationSupportsIndirectInputEvents = YES;
				INFOPLIST_KEY_UILaunchStoryboardName = LaunchScreen;
				INFOPLIST_KEY_UIMainStoryboardFile = Main;
				INFOPLIST_KEY_UISupportedInterfaceOrientations_iPad = "UIInterfaceOrientationPortrait UIInterfaceOrientationPortraitUpsideDown UIInterfaceOrientationLandscapeLeft UIInterfaceOrientationLandscapeRight";
				INFOPLIST_KEY_UISupportedInterfaceOrientations_iPhone = "UIInterfaceOrientationPortrait UIInterfaceOrientationLandscapeLeft UIInterfaceOrientationLandscapeRight";
				LD_RUNPATH_SEARCH_PATHS = (
					"$(inherited)",
					"@executable_path/Frameworks",
				);
				MARKETING_VERSION = 1.0;
				PRODUCT_BUNDLE_IDENTIFIER = "com.myprogram.------";
				PRODUCT_NAME = "$(TARGET_NAME)";
				SWIFT_EMIT_LOC_STRINGS = YES;
				TARGETED_DEVICE_FAMILY = "1,2";
			};
			name = Release;
		};
		83D43B89288F91CB00B3B8AA /* Debug */ = {
			isa = XCBuildConfiguration;
			buildSettings = {
				BUNDLE_LOADER = "$(TEST_HOST)";
				CODE_SIGN_STYLE = Automatic;
				CURRENT_PROJECT_VERSION = 1;
				DEVELOPMENT_TEAM = ZBXPJ2367M;
				GENERATE_INFOPLIST_FILE = YES;
				IPHONEOS_DEPLOYMENT_TARGET = 15.5;
				MARKETING_VERSION = 1.0;
				PRODUCT_BUNDLE_IDENTIFIER = "com.myprogram.------Tests";
				PRODUCT_NAME = "$(TARGET_NAME)";
				SWIFT_EMIT_LOC_STRINGS = NO;
				TARGETED_DEVICE_FAMILY = "1,2";
				TEST_HOST = "$(BUILT_PRODUCTS_DIR)/工厂方法模式.app/工厂方法模式";
			};
			name = Debug;
		};
		83D43B8A288F91CB00B3B8AA /* Release */ = {
			isa = XCBuildConfiguration;
			buildSettings = {
				BUNDLE_LOADER = "$(TEST_HOST)";
				CODE_SIGN_STYLE = Automatic;
				CURRENT_PROJECT_VERSION = 1;
				DEVELOPMENT_TEAM = ZBXPJ2367M;
				GENERATE_INFOPLIST_FILE = YES;
				IPHONEOS_DEPLOYMENT_TARGET = 15.5;
				MARKETING_VERSION = 1.0;
				PRODUCT_BUNDLE_IDENTIFIER = "com.myprogram.------Tests";
				PRODUCT_NAME = "$(TARGET_NAME)";
				SWIFT_EMIT_LOC_STRINGS = NO;
				TARGETED_DEVICE_FAMILY = "1,2";
				TEST_HOST = "$(BUILT_PRODUCTS_DIR)/工厂方法模式.app/工厂方法模式";
			};
			name = Release;
		};
		83D43B8C288F91CB00B3B8AA /* Debug */ = {
			isa = XCBuildConfiguration;
			buildSettings = {
				CODE_SIGN_STYLE = Automatic;
				CURRENT_PROJECT_VERSION = 1;
				DEVELOPMENT_TEAM = ZBXPJ2367M;
				GENERATE_INFOPLIST_FILE = YES;
				MARKETING_VERSION = 1.0;
				PRODUCT_BUNDLE_IDENTIFIER = "com.myprogram.------UITests";
				PRODUCT_NAME = "$(TARGET_NAME)";
				SWIFT_EMIT_LOC_STRINGS = NO;
				TARGETED_DEVICE_FAMILY = "1,2";
				TEST_TARGET_NAME = "工厂方法模式";
			};
			name = Debug;
		};
		83D43B8D288F91CB00B3B8AA /* Release */ = {
			isa = XCBuildConfiguration;
			buildSettings = {
				CODE_SIGN_STYLE = Automatic;
				CURRENT_PROJECT_VERSION = 1;
				DEVELOPMENT_TEAM = ZBXPJ2367M;
				GENERATE_INFOPLIST_FILE = YES;
				MARKETING_VERSION = 1.0;
				PRODUCT_BUNDLE_IDENTIFIER = "com.myprogram.------UITests";
				PRODUCT_NAME = "$(TARGET_NAME)";
				SWIFT_EMIT_LOC_STRINGS = NO;
				TARGETED_DEVICE_FAMILY = "1,2";
				TEST_TARGET_NAME = "工厂方法模式";
			};
			name = Release;
		};
/* End XCBuildConfiguration section */

/* Begin XCConfigurationList section */
		83D43B51288F91C800B3B8AA /* Build configuration list for PBXProject "工厂方法模式" */ = {
			isa = XCConfigurationList;
			buildConfigurations = (
				83D43B83288F91CB00B3B8AA /* Debug */,
				83D43B84288F91CB00B3B8AA /* Release */,
			);
			defaultConfigurationIsVisible = 0;
			defaultConfigurationName = Release;
		};
		83D43B85288F91CB00B3B8AA /* Build configuration list for PBXNativeTarget "工厂方法模式" */ = {
			isa = XCConfigurationList;
			buildConfigurations = (
				83D43B86288F91CB00B3B8AA /* Debug */,
				83D43B87288F91CB00B3B8AA /* Release */,
			);
			defaultConfigurationIsVisible = 0;
			defaultConfigurationName = Release;
		};
		83D43B88288F91CB00B3B8AA /* Build configuration list for PBXNativeTarget "工厂方法模式Tests" */ = {
			isa = XCConfigurationList;
			buildConfigurations = (
				83D43B89288F91CB00B3B8AA /* Debug */,
				83D43B8A288F91CB00B3B8AA /* Release */,
			);
			defaultConfigurationIsVisible = 0;
			defaultConfigurationName = Release;
		};
		83D43B8B288F91CB00B3B8AA /* Build configuration list for PBXNativeTarget "工厂方法模式UITests" */ = {
			isa = XCConfigurationList;
			buildConfigurations = (
				83D43B8C288F91CB00B3B8AA /* Debug */,
				83D43B8D288F91CB00B3B8AA /* Release */,
			);
			defaultConfigurationIsVisible = 0;
			defaultConfigurationName = Release;
		};
/* End XCConfigurationList section */
	};
	rootObject = 83D43B4E288F91C800B3B8AA /* Project object */;
}
